// !$*UTF8*$!
{
	archiveVersion = 1;
	classes = {
	};
	objectVersion = 46;
	objects = {

/* Begin PBXBuildFile section */
		8330624527FE2CB7F051958C /* Pods_ALHTTPClient.framework in Frameworks */ = {isa = PBXBuildFile; fileRef = F3FBD845CE81C6E5C576327D /* Pods_ALHTTPClient.framework */; };
		8F56D8781C615ECA00FED06A /* main.m in Sources */ = {isa = PBXBuildFile; fileRef = 8F56D8771C615ECA00FED06A /* main.m */; };
		8F56D87B1C615ECA00FED06A /* AppDelegate.m in Sources */ = {isa = PBXBuildFile; fileRef = 8F56D87A1C615ECA00FED06A /* AppDelegate.m */; };
		8F56D87E1C615ECA00FED06A /* ViewController.m in Sources */ = {isa = PBXBuildFile; fileRef = 8F56D87D1C615ECA00FED06A /* ViewController.m */; };
		8F56D8811C615ECA00FED06A /* Main.storyboard in Resources */ = {isa = PBXBuildFile; fileRef = 8F56D87F1C615ECA00FED06A /* Main.storyboard */; };
		8F56D8831C615ECA00FED06A /* Assets.xcassets in Resources */ = {isa = PBXBuildFile; fileRef = 8F56D8821C615ECA00FED06A /* Assets.xcassets */; };
		8F56D8861C615ECA00FED06A /* LaunchScreen.storyboard in Resources */ = {isa = PBXBuildFile; fileRef = 8F56D8841C615ECA00FED06A /* LaunchScreen.storyboard */; };
		8F56D8901C615ED900FED06A /* ALHTTPClient.m in Sources */ = {isa = PBXBuildFile; fileRef = 8F56D88E1C615ED900FED06A /* ALHTTPClient.m */; };
/* End PBXBuildFile section */

/* Begin PBXFileReference section */
		20DD3FC75D61DBFFFA40F4D4 /* Pods.framework */ = {isa = PBXFileReference; explicitFileType = wrapper.framework; includeInIndex = 0; path = Pods.framework; sourceTree = BUILT_PRODUCTS_DIR; };
		448B096329194FAA7BC9307E /* Pods-ALHTTPClient.debug.xcconfig */ = {isa = PBXFileReference; includeInIndex = 1; lastKnownFileType = text.xcconfig; name = "Pods-ALHTTPClient.debug.xcconfig"; path = "Pods/Target Support Files/Pods-ALHTTPClient/Pods-ALHTTPClient.debug.xcconfig"; sourceTree = "<group>"; };
		8F56D8731C615ECA00FED06A /* ALHTTPClient.app */ = {isa = PBXFileReference; explicitFileType = wrapper.application; includeInIndex = 0; path = ALHTTPClient.app; sourceTree = BUILT_PRODUCTS_DIR; };
		8F56D8771C615ECA00FED06A /* main.m */ = {isa = PBXFileReference; lastKnownFileType = sourcecode.c.objc; path = main.m; sourceTree = "<group>"; };
		8F56D8791C615ECA00FED06A /* AppDelegate.h */ = {isa = PBXFileReference; lastKnownFileType = sourcecode.c.h; path = AppDelegate.h; sourceTree = "<group>"; };
		8F56D87A1C615ECA00FED06A /* AppDelegate.m */ = {isa = PBXFileReference; lastKnownFileType = sourcecode.c.objc; path = AppDelegate.m; sourceTree = "<group>"; };
		8F56D87C1C615ECA00FED06A /* ViewController.h */ = {isa = PBXFileReference; lastKnownFileType = sourcecode.c.h; path = ViewController.h; sourceTree = "<group>"; };
		8F56D87D1C615ECA00FED06A /* ViewController.m */ = {isa = PBXFileReference; lastKnownFileType = sourcecode.c.objc; path = ViewController.m; sourceTree = "<group>"; };
		8F56D8801C615ECA00FED06A /* Base */ = {isa = PBXFileReference; lastKnownFileType = file.storyboard; name = Base; path = Base.lproj/Main.storyboard; sourceTree = "<group>"; };
		8F56D8821C615ECA00FED06A /* Assets.xcassets */ = {isa = PBXFileReference; lastKnownFileType = folder.assetcatalog; path = Assets.xcassets; sourceTree = "<group>"; };
		8F56D8851C615ECA00FED06A /* Base */ = {isa = PBXFileReference; lastKnownFileType = file.storyboard; name = Base; path = Base.lproj/LaunchScreen.storyboard; sourceTree = "<group>"; };
		8F56D8871C615ECA00FED06A /* Info.plist */ = {isa = PBXFileReference; lastKnownFileType = text.plist.xml; path = Info.plist; sourceTree = "<group>"; };
		8F56D88D1C615ED900FED06A /* ALHTTPClient.h */ = {isa = PBXFileReference; fileEncoding = 4; lastKnownFileType = sourcecode.c.h; path = ALHTTPClient.h; sourceTree = "<group>"; };
		8F56D88E1C615ED900FED06A /* ALHTTPClient.m */ = {isa = PBXFileReference; fileEncoding = 4; lastKnownFileType = sourcecode.c.objc; path = ALHTTPClient.m; sourceTree = "<group>"; };
		8F56D88F1C615ED900FED06A /* ALHTTPRequest.h */ = {isa = PBXFileReference; fileEncoding = 4; lastKnownFileType = sourcecode.c.h; path = ALHTTPRequest.h; sourceTree = "<group>"; };
		B2BFD86AF275538F73CC223A /* Pods-ALHTTPClient.release.xcconfig */ = {isa = PBXFileReference; includeInIndex = 1; lastKnownFileType = text.xcconfig; name = "Pods-ALHTTPClient.release.xcconfig"; path = "Pods/Target Support Files/Pods-ALHTTPClient/Pods-ALHTTPClient.release.xcconfig"; sourceTree = "<group>"; };
		F3FBD845CE81C6E5C576327D /* Pods_ALHTTPClient.framework */ = {isa = PBXFileReference; explicitFileType = wrapper.framework; includeInIndex = 0; path = Pods_ALHTTPClient.framework; sourceTree = BUILT_PRODUCTS_DIR; };
/* End PBXFileReference section */

/* Begin PBXFrameworksBuildPhase section */
		8F56D8701C615ECA00FED06A /* Frameworks */ = {
			isa = PBXFrameworksBuildPhase;
			buildActionMask = 2147483647;
			files = (
				8330624527FE2CB7F051958C /* Pods_ALHTTPClient.framework in Frameworks */,
			);
			runOnlyForDeploymentPostprocessing = 0;
		};
/* End PBXFrameworksBuildPhase section */

/* Begin PBXGroup section */
		88D180BCE024A8860961FDFE /* Frameworks */ = {
			isa = PBXGroup;
			children = (
				20DD3FC75D61DBFFFA40F4D4 /* Pods.framework */,
				F3FBD845CE81C6E5C576327D /* Pods_ALHTTPClient.framework */,
			);
			name = Frameworks;
			sourceTree = "<group>";
		};
		8F56D86A1C615ECA00FED06A = {
			isa = PBXGroup;
			children = (
				8F56D8751C615ECA00FED06A /* ALHTTPClient */,
				8F56D8741C615ECA00FED06A /* Products */,
				88D180BCE024A8860961FDFE /* Frameworks */,
				A35FE44C5FFDF0E007B8F459 /* Pods */,
			);
			sourceTree = "<group>";
		};
		8F56D8741C615ECA00FED06A /* Products */ = {
			isa = PBXGroup;
			children = (
				8F56D8731C615ECA00FED06A /* ALHTTPClient.app */,
			);
			name = Products;
			sourceTree = "<group>";
		};
		8F56D8751C615ECA00FED06A /* ALHTTPClient */ = {
			isa = PBXGroup;
			children = (
				8F56D8911C615EDB00FED06A /* Client */,
				8F56D8791C615ECA00FED06A /* AppDelegate.h */,
				8F56D87A1C615ECA00FED06A /* AppDelegate.m */,
				8F56D87C1C615ECA00FED06A /* ViewController.h */,
				8F56D87D1C615ECA00FED06A /* ViewController.m */,
				8F56D87F1C615ECA00FED06A /* Main.storyboard */,
				8F56D8821C615ECA00FED06A /* Assets.xcassets */,
				8F56D8841C615ECA00FED06A /* LaunchScreen.storyboard */,
				8F56D8871C615ECA00FED06A /* Info.plist */,
				8F56D8761C615ECA00FED06A /* Supporting Files */,
			);
			path = ALHTTPClient;
			sourceTree = "<group>";
		};
		8F56D8761C615ECA00FED06A /* Supporting Files */ = {
			isa = PBXGroup;
			children = (
				8F56D8771C615ECA00FED06A /* main.m */,
			);
			name = "Supporting Files";
			sourceTree = "<group>";
		};
		8F56D8911C615EDB00FED06A /* Client */ = {
			isa = PBXGroup;
			children = (
				8F56D88D1C615ED900FED06A /* ALHTTPClient.h */,
				8F56D88E1C615ED900FED06A /* ALHTTPClient.m */,
				8F56D88F1C615ED900FED06A /* ALHTTPRequest.h */,
			);
			name = Client;
			sourceTree = "<group>";
		};
		A35FE44C5FFDF0E007B8F459 /* Pods */ = {
			isa = PBXGroup;
			children = (
				448B096329194FAA7BC9307E /* Pods-ALHTTPClient.debug.xcconfig */,
				B2BFD86AF275538F73CC223A /* Pods-ALHTTPClient.release.xcconfig */,
			);
			name = Pods;
			sourceTree = "<group>";
		};
/* End PBXGroup section */

/* Begin PBXNativeTarget section */
		8F56D8721C615ECA00FED06A /* ALHTTPClient */ = {
			isa = PBXNativeTarget;
			buildConfigurationList = 8F56D88A1C615ECA00FED06A /* Build configuration list for PBXNativeTarget "ALHTTPClient" */;
			buildPhases = (
				47BCC5C4A6D8007A45F1811F /* [CP] Check Pods Manifest.lock */,
				8F56D86F1C615ECA00FED06A /* Sources */,
				8F56D8701C615ECA00FED06A /* Frameworks */,
				8F56D8711C615ECA00FED06A /* Resources */,
				0AA162E03E69F80B7785D412 /* [CP] Embed Pods Frameworks */,
				9DC18E15C6C01BD16AAB9CAB /* [CP] Copy Pods Resources */,
			);
			buildRules = (
			);
			dependencies = (
			);
			name = ALHTTPClient;
			productName = ALHTTPClient;
			productReference = 8F56D8731C615ECA00FED06A /* ALHTTPClient.app */;
			productType = "com.apple.product-type.application";
		};
/* End PBXNativeTarget section */

/* Begin PBXProject section */
		8F56D86B1C615ECA00FED06A /* Project object */ = {
			isa = PBXProject;
			attributes = {
				LastUpgradeCheck = 0720;
				ORGANIZATIONNAME = "Denis Dovgan";
				TargetAttributes = {
					8F56D8721C615ECA00FED06A = {
						CreatedOnToolsVersion = 7.2;
					};
				};
			};
			buildConfigurationList = 8F56D86E1C615ECA00FED06A /* Build configuration list for PBXProject "ALHTTPClient" */;
			compatibilityVersion = "Xcode 3.2";
			developmentRegion = English;
			hasScannedForEncodings = 0;
			knownRegions = (
				en,
				Base,
			);
			mainGroup = 8F56D86A1C615ECA00FED06A;
			productRefGroup = 8F56D8741C615ECA00FED06A /* Products */;
			projectDirPath = "";
			projectRoot = "";
			targets = (
				8F56D8721C615ECA00FED06A /* ALHTTPClient */,
			);
		};
/* End PBXProject section */

/* Begin PBXResourcesBuildPhase section */
		8F56D8711C615ECA00FED06A /* Resources */ = {
			isa = PBXResourcesBuildPhase;
			buildActionMask = 2147483647;
			files = (
				8F56D8861C615ECA00FED06A /* LaunchScreen.storyboard in Resources */,
				8F56D8831C615ECA00FED06A /* Assets.xcassets in Resources */,
				8F56D8811C615ECA00FED06A /* Main.storyboard in Resources */,
			);
			runOnlyForDeploymentPostprocessing = 0;
		};
/* End PBXResourcesBuildPhase section */

/* Begin PBXShellScriptBuildPhase section */
		0AA162E03E69F80B7785D412 /* [CP] Embed Pods Frameworks */ = {
			isa = PBXShellScriptBuildPhase;
			buildActionMask = 2147483647;
			files = (
			);
			inputPaths = (
			);
			name = "[CP] Embed Pods Frameworks";
			outputPaths = (
			);
			runOnlyForDeploymentPostprocessing = 0;
			shellPath = /bin/sh;
			shellScript = "\"${SRCROOT}/Pods/Target Support Files/Pods-ALHTTPClient/Pods-ALHTTPClient-frameworks.sh\"\n";
			showEnvVarsInLog = 0;
		};
		47BCC5C4A6D8007A45F1811F /* [CP] Check Pods Manifest.lock */ = {
			isa = PBXShellScriptBuildPhase;
			buildActionMask = 2147483647;
			files = (
			);
			inputPaths = (
			);
			name = "[CP] Check Pods Manifest.lock";
			outputPaths = (
			);
			runOnlyForDeploymentPostprocessing = 0;
			shellPath = /bin/sh;
			shellScript = "diff \"${PODS_ROOT}/../Podfile.lock\" \"${PODS_ROOT}/Manifest.lock\" > /dev/null\nif [[ $? != 0 ]] ; then\n    cat << EOM\nerror: The sandbox is not in sync with the Podfile.lock. Run 'pod install' or update your CocoaPods installation.\nEOM\n    exit 1\nfi\n";
			showEnvVarsInLog = 0;
		};
		9DC18E15C6C01BD16AAB9CAB /* [CP] Copy Pods Resources */ = {
			isa = PBXShellScriptBuildPhase;
			buildActionMask = 2147483647;
			files = (
			);
			inputPaths = (
			);
			name = "[CP] Copy Pods Resources";
			outputPaths = (
			);
			runOnlyForDeploymentPostprocessing = 0;
			shellPath = /bin/sh;
			shellScript = "\"${SRCROOT}/Pods/Target Support Files/Pods-ALHTTPClient/Pods-ALHTTPClient-resources.sh\"\n";
			showEnvVarsInLog = 0;
		};
/* End PBXShellScriptBuildPhase section */

/* Begin PBXSourcesBuildPhase section */
		8F56D86F1C615ECA00FED06A /* Sources */ = {
			isa = PBXSourcesBuildPhase;
			buildActionMask = 2147483647;
			files = (
				8F56D87E1C615ECA00FED06A /* ViewController.m in Sources */,
				8F56D8901C615ED900FED06A /* ALHTTPClient.m in Sources */,
				8F56D87B1C615ECA00FED06A /* AppDelegate.m in Sources */,
				8F56D8781C615ECA00FED06A /* main.m in Sources */,
			);
			runOnlyForDeploymentPostprocessing = 0;
		};
/* End PBXSourcesBuildPhase section */

/* Begin PBXVariantGroup section */
		8F56D87F1C615ECA00FED06A /* Main.storyboard */ = {
			isa = PBXVariantGroup;
			children = (
				8F56D8801C615ECA00FED06A /* Base */,
			);
			name = Main.storyboard;
			sourceTree = "<group>";
		};
		8F56D8841C615ECA00FED06A /* LaunchScreen.storyboard */ = {
			isa = PBXVariantGroup;
			children = (
				8F56D8851C615ECA00FED06A /* Base */,
			);
			name = LaunchScreen.storyboard;
			sourceTree = "<group>";
		};
/* End PBXVariantGroup section */

/* Begin XCBuildConfiguration section */
		8F56D8881C615ECA00FED06A /* Debug */ = {
			isa = XCBuildConfiguration;
			buildSettings = {
				ALWAYS_SEARCH_USER_PATHS = NO;
				CLANG_CXX_LANGUAGE_STANDARD = "gnu++0x";
				CLANG_CXX_LIBRARY = "libc++";
				CLANG_ENABLE_MODULES = YES;
				CLANG_ENABLE_OBJC_ARC = YES;
				CLANG_WARN_BOOL_CONVERSION = YES;
				CLANG_WARN_CONSTANT_CONVERSION = YES;
				CLANG_WARN_DIRECT_OBJC_ISA_USAGE = YES_ERROR;
				CLANG_WARN_EMPTY_BODY = YES;
				CLANG_WARN_ENUM_CONVERSION = YES;
				CLANG_WARN_INT_CONVERSION = YES;
				CLANG_WARN_OBJC_ROOT_CLASS = YES_ERROR;
				CLANG_WARN_UNREACHABLE_CODE = YES;
				CLANG_WARN__DUPLICATE_METHOD_MATCH = YES;
				"CODE_SIGN_IDENTITY[sdk=iphoneos*]" = "iPhone Developer";
				COPY_PHASE_STRIP = NO;
				DEBUG_INFORMATION_FORMAT = dwarf;
				ENABLE_STRICT_OBJC_MSGSEND = YES;
				ENABLE_TESTABILITY = YES;
				GCC_C_LANGUAGE_STANDARD = gnu99;
				GCC_DYNAMIC_NO_PIC = NO;
				GCC_NO_COMMON_BLOCKS = YES;
				GCC_OPTIMIZATION_LEVEL = 0;
				GCC_PREPROCESSOR_DEFINITIONS = (
					"DEBUG=1",
					"$(inherited)",
				);
				GCC_WARN_64_TO_32_BIT_CONVERSION = YES;
				GCC_WARN_ABOUT_RETURN_TYPE = YES_ERROR;
				GCC_WARN_UNDECLARED_SELECTOR = YES;
				GCC_WARN_UNINITIALIZED_AUTOS = YES_AGGRESSIVE;
				GCC_WARN_UNUSED_FUNCTION = YES;
				GCC_WARN_UNUSED_VARIABLE = YES;
				IPHONEOS_DEPLOYMENT_TARGET = 9.2;
				MTL_ENABLE_DEBUG_INFO = YES;
				ONLY_ACTIVE_ARCH = YES;
				SDKROOT = iphoneos;
			};
			name = Debug;
		};
		8F56D8891C615ECA00FED06A /* Release */ = {
			isa = XCBuildConfiguration;
			buildSettings = {
				ALWAYS_SEARCH_USER_PATHS = NO;
				CLANG_CXX_LANGUAGE_STANDARD = "gnu++0x";
				CLANG_CXX_LIBRARY = "libc++";
				CLANG_ENABLE_MODULES = YES;
				CLANG_ENABLE_OBJC_ARC = YES;
				CLANG_WARN_BOOL_CONVERSION = YES;
				CLANG_WARN_CONSTANT_CONVERSION = YES;
				CLANG_WARN_DIRECT_OBJC_ISA_USAGE = YES_ERROR;
				CLANG_WARN_EMPTY_BODY = YES;
				CLANG_WARN_ENUM_CONVERSION = YES;
				CLANG_WARN_INT_CONVERSION = YES;
				CLANG_WARN_OBJC_ROOT_CLASS = YES_ERROR;
				CLANG_WARN_UNREACHABLE_CODE = YES;
				CLANG_WARN__DUPLICATE_METHOD_MATCH = YES;
				"CODE_SIGN_IDENTITY[sdk=iphoneos*]" = "iPhone Developer";
				COPY_PHASE_STRIP = NO;
				DEBUG_INFORMATION_FORMAT = "dwarf-with-dsym";
				ENABLE_NS_ASSERTIONS = NO;
				ENABLE_STRICT_OBJC_MSGSEND = YES;
				GCC_C_LANGUAGE_STANDARD = gnu99;
				GCC_NO_COMMON_BLOCKS = YES;
				GCC_WARN_64_TO_32_BIT_CONVERSION = YES;
				GCC_WARN_ABOUT_RETURN_TYPE = YES_ERROR;
				GCC_WARN_UNDECLARED_SELECTOR = YES;
				GCC_WARN_UNINITIALIZED_AUTOS = YES_AGGRESSIVE;
				GCC_WARN_UNUSED_FUNCTION = YES;
				GCC_WARN_UNUSED_VARIABLE = YES;
				IPHONEOS_DEPLOYMENT_TARGET = 9.2;
				MTL_ENABLE_DEBUG_INFO = NO;
				SDKROOT = iphoneos;
				VALIDATE_PRODUCT = YES;
			};
			name = Release;
		};
		8F56D88B1C615ECA00FED06A /* Debug */ = {
			isa = XCBuildConfiguration;
			baseConfigurationReference = 448B096329194FAA7BC9307E /* Pods-ALHTTPClient.debug.xcconfig */;
			buildSettings = {
				ASSETCATALOG_COMPILER_APPICON_NAME = AppIcon;
				INFOPLIST_FILE = ALHTTPClient/Info.plist;
				IPHONEOS_DEPLOYMENT_TARGET = 8.0;
				LD_RUNPATH_SEARCH_PATHS = "$(inherited) @executable_path/Frameworks";
				PRODUCT_BUNDLE_IDENTIFIER = com.ddov.ALHTTPClient;
				PRODUCT_NAME = "$(TARGET_NAME)";
			};
			name = Debug;
		};
		8F56D88C1C615ECA00FED06A /* Release */ = {
			isa = XCBuildConfiguration;
			baseConfigurationReference = B2BFD86AF275538F73CC223A /* Pods-ALHTTPClient.release.xcconfig */;
			buildSettings = {
				ASSETCATALOG_COMPILER_APPICON_NAME = AppIcon;
				INFOPLIST_FILE = ALHTTPClient/Info.plist;
				IPHONEOS_DEPLOYMENT_TARGET = 8.0;
				LD_RUNPATH_SEARCH_PATHS = "$(inherited) @executable_path/Frameworks";
				PRODUCT_BUNDLE_IDENTIFIER = com.ddov.ALHTTPClient;
				PRODUCT_NAME = "$(TARGET_NAME)";
			};
			name = Release;
		};
/* End XCBuildConfiguration section */

/* Begin XCConfigurationList section */
		8F56D86E1C615ECA00FED06A /* Build configuration list for PBXProject "ALHTTPClient" */ = {
			isa = XCConfigurationList;
			buildConfigurations = (
				8F56D8881C615ECA00FED06A /* Debug */,
				8F56D8891C615ECA00FED06A /* Release */,
			);
			defaultConfigurationIsVisible = 0;
			defaultConfigurationName = Release;
		};
		8F56D88A1C615ECA00FED06A /* Build configuration list for PBXNativeTarget "ALHTTPClient" */ = {
			isa = XCConfigurationList;
			buildConfigurations = (
				8F56D88B1C615ECA00FED06A /* Debug */,
				8F56D88C1C615ECA00FED06A /* Release */,
			);
			defaultConfigurationIsVisible = 0;
			defaultConfigurationName = Release;
		};
/* End XCConfigurationList section */
	};
	rootObject = 8F56D86B1C615ECA00FED06A /* Project object */;
}
